
Microsoft Visual Studio Solution File, Format Version 12.00
# Visual Studio Version 17
VisualStudioVersion = 17.6.33829.357
MinimumVisualStudioVersion = 10.0.40219.1
Project("{9A19103F-16F7-4668-BE54-9A1E7A4F7556}") = "ServicioRSNetCore", "WebApplication1\ServicioRSNetCore.csproj", "{E9901C4F-385C-4CFE-8EE2-EDE039BD6D8C}"
EndProject
Project("{9A19103F-16F7-4668-BE54-9A1E7A4F7556}") = "Encriptador", "Encriptador\Encriptador.csproj", "{79E8316C-998B-4D5C-81E7-B72C5F240E55}"
EndProject
Project("{9A19103F-16F7-4668-BE54-9A1E7A4F7556}") = "COBEC", "COBEC\COBEC.csproj", "{DEAC794B-1F58-479F-BBD9-AC66D1904B76}"
EndProject
Project("{9A19103F-16F7-4668-BE54-9A1E7A4F7556}") = "CODAT", "CODAT\CODAT.csproj", "{9AA410B6-80D9-4841-B45D-7E3782093C30}"
EndProject
Project("{9A19103F-16F7-4668-BE54-9A1E7A4F7556}") = "COBLT", "COBLT\COBLT.csproj", "{3B06F950-CDD0-43B1-9EFA-5ED7F64F27E2}"
EndProject
Project("{2150E333-8FDC-42A3-9474-1A3956D46DE8}") = "COMPONENTES", "COMPONENTES", "{2B48B223-AA21-46B2-900E-A896D6F507A3}"
	ProjectSection(SolutionItems) = preProject
		COMPONENTES\DLLFacturacionElectronicona.dll = COMPONENTES\DLLFacturacionElectronicona.dll
	EndProjectSection
EndProject
Global
	GlobalSection(SolutionConfigurationPlatforms) = preSolution
		CD_ROM|.NET = CD_ROM|.NET
		CD_ROM|Any CPU = CD_ROM|Any CPU
		CD_ROM|ARM64 = CD_ROM|ARM64
		CD_ROM|Mixed Platforms = CD_ROM|Mixed Platforms
		CD_ROM|x64 = CD_ROM|x64
		CD_ROM|x86 = CD_ROM|x86
		Debug|.NET = Debug|.NET
		Debug|Any CPU = Debug|Any CPU
		Debug|ARM64 = Debug|ARM64
		Debug|Mixed Platforms = Debug|Mixed Platforms
		Debug|x64 = Debug|x64
		Debug|x86 = Debug|x86
		DVD-5|.NET = DVD-5|.NET
		DVD-5|Any CPU = DVD-5|Any CPU
		DVD-5|ARM64 = DVD-5|ARM64
		DVD-5|Mixed Platforms = DVD-5|Mixed Platforms
		DVD-5|x64 = DVD-5|x64
		DVD-5|x86 = DVD-5|x86
		Release|.NET = Release|.NET
		Release|Any CPU = Release|Any CPU
		Release|ARM64 = Release|ARM64
		Release|Mixed Platforms = Release|Mixed Platforms
		Release|x64 = Release|x64
		Release|x86 = Release|x86
		SingleImage|.NET = SingleImage|.NET
		SingleImage|Any CPU = SingleImage|Any CPU
		SingleImage|ARM64 = SingleImage|ARM64
		SingleImage|Mixed Platforms = SingleImage|Mixed Platforms
		SingleImage|x64 = SingleImage|x64
		SingleImage|x86 = SingleImage|x86
	EndGlobalSection
	GlobalSection(ProjectConfigurationPlatforms) = postSolution
		{E9901C4F-385C-4CFE-8EE2-EDE039BD6D8C}.CD_ROM|.NET.ActiveCfg = Release|Any CPU
		{E9901C4F-385C-4CFE-8EE2-EDE039BD6D8C}.CD_ROM|.NET.Build.0 = Release|Any CPU
		{E9901C4F-385C-4CFE-8EE2-EDE039BD6D8C}.CD_ROM|Any CPU.ActiveCfg = Release|Any CPU
		{E9901C4F-385C-4CFE-8EE2-EDE039BD6D8C}.CD_ROM|Any CPU.Build.0 = Release|Any CPU
		{E9901C4F-385C-4CFE-8EE2-EDE039BD6D8C}.CD_ROM|ARM64.ActiveCfg = Release|Any CPU
		{E9901C4F-385C-4CFE-8EE2-EDE039BD6D8C}.CD_ROM|ARM64.Build.0 = Release|Any CPU
		{E9901C4F-385C-4CFE-8EE2-EDE039BD6D8C}.CD_ROM|Mixed Platforms.ActiveCfg = Release|Any CPU
		{E9901C4F-385C-4CFE-8EE2-EDE039BD6D8C}.CD_ROM|Mixed Platforms.Build.0 = Release|Any CPU
		{E9901C4F-385C-4CFE-8EE2-EDE039BD6D8C}.CD_ROM|x64.ActiveCfg = Release|Any CPU
		{E9901C4F-385C-4CFE-8EE2-EDE039BD6D8C}.CD_ROM|x64.Build.0 = Release|Any CPU
		{E9901C4F-385C-4CFE-8EE2-EDE039BD6D8C}.CD_ROM|x86.ActiveCfg = Release|Any CPU
		{E9901C4F-385C-4CFE-8EE2-EDE039BD6D8C}.CD_ROM|x86.Build.0 = Release|Any CPU
		{E9901C4F-385C-4CFE-8EE2-EDE039BD6D8C}.Debug|.NET.ActiveCfg = Debug|Any CPU
		{E9901C4F-385C-4CFE-8EE2-EDE039BD6D8C}.Debug|.NET.Build.0 = Debug|Any CPU
		{E9901C4F-385C-4CFE-8EE2-EDE039BD6D8C}.Debug|Any CPU.ActiveCfg = Debug|Any CPU
		{E9901C4F-385C-4CFE-8EE2-EDE039BD6D8C}.Debug|Any CPU.Build.0 = Debug|Any CPU
		{E9901C4F-385C-4CFE-8EE2-EDE039BD6D8C}.Debug|ARM64.ActiveCfg = Debug|Any CPU
		{E9901C4F-385C-4CFE-8EE2-EDE039BD6D8C}.Debug|ARM64.Build.0 = Debug|Any CPU
		{E9901C4F-385C-4CFE-8EE2-EDE039BD6D8C}.Debug|Mixed Platforms.ActiveCfg = Debug|Any CPU
		{E9901C4F-385C-4CFE-8EE2-EDE039BD6D8C}.Debug|Mixed Platforms.Build.0 = Debug|Any CPU
		{E9901C4F-385C-4CFE-8EE2-EDE039BD6D8C}.Debug|x64.ActiveCfg = Debug|Any CPU
		{E9901C4F-385C-4CFE-8EE2-EDE039BD6D8C}.Debug|x64.Build.0 = Debug|Any CPU
		{E9901C4F-385C-4CFE-8EE2-EDE039BD6D8C}.Debug|x86.ActiveCfg = Debug|Any CPU
		{E9901C4F-385C-4CFE-8EE2-EDE039BD6D8C}.Debug|x86.Build.0 = Debug|Any CPU
		{E9901C4F-385C-4CFE-8EE2-EDE039BD6D8C}.DVD-5|.NET.ActiveCfg = Debug|Any CPU
		{E9901C4F-385C-4CFE-8EE2-EDE039BD6D8C}.DVD-5|.NET.Build.0 = Debug|Any CPU
		{E9901C4F-385C-4CFE-8EE2-EDE039BD6D8C}.DVD-5|Any CPU.ActiveCfg = Debug|Any CPU
		{E9901C4F-385C-4CFE-8EE2-EDE039BD6D8C}.DVD-5|Any CPU.Build.0 = Debug|Any CPU
		{E9901C4F-385C-4CFE-8EE2-EDE039BD6D8C}.DVD-5|ARM64.ActiveCfg = Debug|Any CPU
		{E9901C4F-385C-4CFE-8EE2-EDE039BD6D8C}.DVD-5|ARM64.Build.0 = Debug|Any CPU
		{E9901C4F-385C-4CFE-8EE2-EDE039BD6D8C}.DVD-5|Mixed Platforms.ActiveCfg = Debug|Any CPU
		{E9901C4F-385C-4CFE-8EE2-EDE039BD6D8C}.DVD-5|Mixed Platforms.Build.0 = Debug|Any CPU
		{E9901C4F-385C-4CFE-8EE2-EDE039BD6D8C}.DVD-5|x64.ActiveCfg = Debug|Any CPU
		{E9901C4F-385C-4CFE-8EE2-EDE039BD6D8C}.DVD-5|x64.Build.0 = Debug|Any CPU
		{E9901C4F-385C-4CFE-8EE2-EDE039BD6D8C}.DVD-5|x86.ActiveCfg = Debug|Any CPU
		{E9901C4F-385C-4CFE-8EE2-EDE039BD6D8C}.DVD-5|x86.Build.0 = Debug|Any CPU
		{E9901C4F-385C-4CFE-8EE2-EDE039BD6D8C}.Release|.NET.ActiveCfg = Release|Any CPU
		{E9901C4F-385C-4CFE-8EE2-EDE039BD6D8C}.Release|.NET.Build.0 = Release|Any CPU
		{E9901C4F-385C-4CFE-8EE2-EDE039BD6D8C}.Release|Any CPU.ActiveCfg = Release|Any CPU
		{E9901C4F-385C-4CFE-8EE2-EDE039BD6D8C}.Release|Any CPU.Build.0 = Release|Any CPU
		{E9901C4F-385C-4CFE-8EE2-EDE039BD6D8C}.Release|ARM64.ActiveCfg = Release|Any CPU
		{E9901C4F-385C-4CFE-8EE2-EDE039BD6D8C}.Release|ARM64.Build.0 = Release|Any CPU
		{E9901C4F-385C-4CFE-8EE2-EDE039BD6D8C}.Release|Mixed Platforms.ActiveCfg = Release|Any CPU
		{E9901C4F-385C-4CFE-8EE2-EDE039BD6D8C}.Release|Mixed Platforms.Build.0 = Release|Any CPU
		{E9901C4F-385C-4CFE-8EE2-EDE039BD6D8C}.Release|x64.ActiveCfg = Release|Any CPU
		{E9901C4F-385C-4CFE-8EE2-EDE039BD6D8C}.Release|x64.Build.0 = Release|Any CPU
		{E9901C4F-385C-4CFE-8EE2-EDE039BD6D8C}.Release|x86.ActiveCfg = Release|Any CPU
		{E9901C4F-385C-4CFE-8EE2-EDE039BD6D8C}.Release|x86.Build.0 = Release|Any CPU
		{E9901C4F-385C-4CFE-8EE2-EDE039BD6D8C}.SingleImage|.NET.ActiveCfg = Release|Any CPU
		{E9901C4F-385C-4CFE-8EE2-EDE039BD6D8C}.SingleImage|.NET.Build.0 = Release|Any CPU
		{E9901C4F-385C-4CFE-8EE2-EDE039BD6D8C}.SingleImage|Any CPU.ActiveCfg = Release|Any CPU
		{E9901C4F-385C-4CFE-8EE2-EDE039BD6D8C}.SingleImage|Any CPU.Build.0 = Release|Any CPU
		{E9901C4F-385C-4CFE-8EE2-EDE039BD6D8C}.SingleImage|ARM64.ActiveCfg = Release|Any CPU
		{E9901C4F-385C-4CFE-8EE2-EDE039BD6D8C}.SingleImage|ARM64.Build.0 = Release|Any CPU
		{E9901C4F-385C-4CFE-8EE2-EDE039BD6D8C}.SingleImage|Mixed Platforms.ActiveCfg = Release|Any CPU
		{E9901C4F-385C-4CFE-8EE2-EDE039BD6D8C}.SingleImage|Mixed Platforms.Build.0 = Release|Any CPU
		{E9901C4F-385C-4CFE-8EE2-EDE039BD6D8C}.SingleImage|x64.ActiveCfg = Release|Any CPU
		{E9901C4F-385C-4CFE-8EE2-EDE039BD6D8C}.SingleImage|x64.Build.0 = Release|Any CPU
		{E9901C4F-385C-4CFE-8EE2-EDE039BD6D8C}.SingleImage|x86.ActiveCfg = Release|Any CPU
		{E9901C4F-385C-4CFE-8EE2-EDE039BD6D8C}.SingleImage|x86.Build.0 = Release|Any CPU
		{79E8316C-998B-4D5C-81E7-B72C5F240E55}.CD_ROM|.NET.ActiveCfg = Release|Any CPU
		{79E8316C-998B-4D5C-81E7-B72C5F240E55}.CD_ROM|.NET.Build.0 = Release|Any CPU
		{79E8316C-998B-4D5C-81E7-B72C5F240E55}.CD_ROM|Any CPU.ActiveCfg = Release|Any CPU
		{79E8316C-998B-4D5C-81E7-B72C5F240E55}.CD_ROM|Any CPU.Build.0 = Release|Any CPU
		{79E8316C-998B-4D5C-81E7-B72C5F240E55}.CD_ROM|ARM64.ActiveCfg = Release|Any CPU
		{79E8316C-998B-4D5C-81E7-B72C5F240E55}.CD_ROM|ARM64.Build.0 = Release|Any CPU
		{79E8316C-998B-4D5C-81E7-B72C5F240E55}.CD_ROM|Mixed Platforms.ActiveCfg = Release|Any CPU
		{79E8316C-998B-4D5C-81E7-B72C5F240E55}.CD_ROM|Mixed Platforms.Build.0 = Release|Any CPU
		{79E8316C-998B-4D5C-81E7-B72C5F240E55}.CD_ROM|x64.ActiveCfg = Release|Any CPU
		{79E8316C-998B-4D5C-81E7-B72C5F240E55}.CD_ROM|x64.Build.0 = Release|Any CPU
		{79E8316C-998B-4D5C-81E7-B72C5F240E55}.CD_ROM|x86.ActiveCfg = Release|Any CPU
		{79E8316C-998B-4D5C-81E7-B72C5F240E55}.CD_ROM|x86.Build.0 = Release|Any CPU
		{79E8316C-998B-4D5C-81E7-B72C5F240E55}.Debug|.NET.ActiveCfg = Debug|Any CPU
		{79E8316C-998B-4D5C-81E7-B72C5F240E55}.Debug|.NET.Build.0 = Debug|Any CPU
		{79E8316C-998B-4D5C-81E7-B72C5F240E55}.Debug|Any CPU.ActiveCfg = Debug|Any CPU
		{79E8316C-998B-4D5C-81E7-B72C5F240E55}.Debug|Any CPU.Build.0 = Debug|Any CPU
		{79E8316C-998B-4D5C-81E7-B72C5F240E55}.Debug|ARM64.ActiveCfg = Debug|Any CPU
		{79E8316C-998B-4D5C-81E7-B72C5F240E55}.Debug|ARM64.Build.0 = Debug|Any CPU
		{79E8316C-998B-4D5C-81E7-B72C5F240E55}.Debug|Mixed Platforms.ActiveCfg = Debug|Any CPU
		{79E8316C-998B-4D5C-81E7-B72C5F240E55}.Debug|Mixed Platforms.Build.0 = Debug|Any CPU
		{79E8316C-998B-4D5C-81E7-B72C5F240E55}.Debug|x64.ActiveCfg = Debug|Any CPU
		{79E8316C-998B-4D5C-81E7-B72C5F240E55}.Debug|x64.Build.0 = Debug|Any CPU
		{79E8316C-998B-4D5C-81E7-B72C5F240E55}.Debug|x86.ActiveCfg = Debug|Any CPU
		{79E8316C-998B-4D5C-81E7-B72C5F240E55}.Debug|x86.Build.0 = Debug|Any CPU
		{79E8316C-998B-4D5C-81E7-B72C5F240E55}.DVD-5|.NET.ActiveCfg = Debug|Any CPU
		{79E8316C-998B-4D5C-81E7-B72C5F240E55}.DVD-5|.NET.Build.0 = Debug|Any CPU
		{79E8316C-998B-4D5C-81E7-B72C5F240E55}.DVD-5|Any CPU.ActiveCfg = Debug|Any CPU
		{79E8316C-998B-4D5C-81E7-B72C5F240E55}.DVD-5|Any CPU.Build.0 = Debug|Any CPU
		{79E8316C-998B-4D5C-81E7-B72C5F240E55}.DVD-5|ARM64.ActiveCfg = Debug|Any CPU
		{79E8316C-998B-4D5C-81E7-B72C5F240E55}.DVD-5|ARM64.Build.0 = Debug|Any CPU
		{79E8316C-998B-4D5C-81E7-B72C5F240E55}.DVD-5|Mixed Platforms.ActiveCfg = Debug|Any CPU
		{79E8316C-998B-4D5C-81E7-B72C5F240E55}.DVD-5|Mixed Platforms.Build.0 = Debug|Any CPU
		{79E8316C-998B-4D5C-81E7-B72C5F240E55}.DVD-5|x64.ActiveCfg = Debug|Any CPU
		{79E8316C-998B-4D5C-81E7-B72C5F240E55}.DVD-5|x64.Build.0 = Debug|Any CPU
		{79E8316C-998B-4D5C-81E7-B72C5F240E55}.DVD-5|x86.ActiveCfg = Debug|Any CPU
		{79E8316C-998B-4D5C-81E7-B72C5F240E55}.DVD-5|x86.Build.0 = Debug|Any CPU
		{79E8316C-998B-4D5C-81E7-B72C5F240E55}.Release|.NET.ActiveCfg = Release|Any CPU
		{79E8316C-998B-4D5C-81E7-B72C5F240E55}.Release|.NET.Build.0 = Release|Any CPU
		{79E8316C-998B-4D5C-81E7-B72C5F240E55}.Release|Any CPU.ActiveCfg = Release|Any CPU
		{79E8316C-998B-4D5C-81E7-B72C5F240E55}.Release|Any CPU.Build.0 = Release|Any CPU
		{79E8316C-998B-4D5C-81E7-B72C5F240E55}.Release|ARM64.ActiveCfg = Release|Any CPU
		{79E8316C-998B-4D5C-81E7-B72C5F240E55}.Release|ARM64.Build.0 = Release|Any CPU
		{79E8316C-998B-4D5C-81E7-B72C5F240E55}.Release|Mixed Platforms.ActiveCfg = Release|Any CPU
		{79E8316C-998B-4D5C-81E7-B72C5F240E55}.Release|Mixed Platforms.Build.0 = Release|Any CPU
		{79E8316C-998B-4D5C-81E7-B72C5F240E55}.Release|x64.ActiveCfg = Release|Any CPU
		{79E8316C-998B-4D5C-81E7-B72C5F240E55}.Release|x64.Build.0 = Release|Any CPU
		{79E8316C-998B-4D5C-81E7-B72C5F240E55}.Release|x86.ActiveCfg = Release|Any CPU
		{79E8316C-998B-4D5C-81E7-B72C5F240E55}.Release|x86.Build.0 = Release|Any CPU
		{79E8316C-998B-4D5C-81E7-B72C5F240E55}.SingleImage|.NET.ActiveCfg = Release|Any CPU
		{79E8316C-998B-4D5C-81E7-B72C5F240E55}.SingleImage|.NET.Build.0 = Release|Any CPU
		{79E8316C-998B-4D5C-81E7-B72C5F240E55}.SingleImage|Any CPU.ActiveCfg = Release|Any CPU
		{79E8316C-998B-4D5C-81E7-B72C5F240E55}.SingleImage|Any CPU.Build.0 = Release|Any CPU
		{79E8316C-998B-4D5C-81E7-B72C5F240E55}.SingleImage|ARM64.ActiveCfg = Release|Any CPU
		{79E8316C-998B-4D5C-81E7-B72C5F240E55}.SingleImage|ARM64.Build.0 = Release|Any CPU
		{79E8316C-998B-4D5C-81E7-B72C5F240E55}.SingleImage|Mixed Platforms.ActiveCfg = Release|Any CPU
		{79E8316C-998B-4D5C-81E7-B72C5F240E55}.SingleImage|Mixed Platforms.Build.0 = Release|Any CPU
		{79E8316C-998B-4D5C-81E7-B72C5F240E55}.SingleImage|x64.ActiveCfg = Release|Any CPU
		{79E8316C-998B-4D5C-81E7-B72C5F240E55}.SingleImage|x64.Build.0 = Release|Any CPU
		{79E8316C-998B-4D5C-81E7-B72C5F240E55}.SingleImage|x86.ActiveCfg = Release|Any CPU
		{79E8316C-998B-4D5C-81E7-B72C5F240E55}.SingleImage|x86.Build.0 = Release|Any CPU
		{DEAC794B-1F58-479F-BBD9-AC66D1904B76}.CD_ROM|.NET.ActiveCfg = Release|Any CPU
		{DEAC794B-1F58-479F-BBD9-AC66D1904B76}.CD_ROM|.NET.Build.0 = Release|Any CPU
		{DEAC794B-1F58-479F-BBD9-AC66D1904B76}.CD_ROM|Any CPU.ActiveCfg = Release|Any CPU
		{DEAC794B-1F58-479F-BBD9-AC66D1904B76}.CD_ROM|Any CPU.Build.0 = Release|Any CPU
		{DEAC794B-1F58-479F-BBD9-AC66D1904B76}.CD_ROM|ARM64.ActiveCfg = Release|Any CPU
		{DEAC794B-1F58-479F-BBD9-AC66D1904B76}.CD_ROM|ARM64.Build.0 = Release|Any CPU
		{DEAC794B-1F58-479F-BBD9-AC66D1904B76}.CD_ROM|Mixed Platforms.ActiveCfg = Release|Any CPU
		{DEAC794B-1F58-479F-BBD9-AC66D1904B76}.CD_ROM|Mixed Platforms.Build.0 = Release|Any CPU
		{DEAC794B-1F58-479F-BBD9-AC66D1904B76}.CD_ROM|x64.ActiveCfg = Release|Any CPU
		{DEAC794B-1F58-479F-BBD9-AC66D1904B76}.CD_ROM|x64.Build.0 = Release|Any CPU
		{DEAC794B-1F58-479F-BBD9-AC66D1904B76}.CD_ROM|x86.ActiveCfg = Release|Any CPU
		{DEAC794B-1F58-479F-BBD9-AC66D1904B76}.CD_ROM|x86.Build.0 = Release|Any CPU
		{DEAC794B-1F58-479F-BBD9-AC66D1904B76}.Debug|.NET.ActiveCfg = Debug|Any CPU
		{DEAC794B-1F58-479F-BBD9-AC66D1904B76}.Debug|.NET.Build.0 = Debug|Any CPU
		{DEAC794B-1F58-479F-BBD9-AC66D1904B76}.Debug|Any CPU.ActiveCfg = Debug|Any CPU
		{DEAC794B-1F58-479F-BBD9-AC66D1904B76}.Debug|Any CPU.Build.0 = Debug|Any CPU
		{DEAC794B-1F58-479F-BBD9-AC66D1904B76}.Debug|ARM64.ActiveCfg = Debug|Any CPU
		{DEAC794B-1F58-479F-BBD9-AC66D1904B76}.Debug|ARM64.Build.0 = Debug|Any CPU
		{DEAC794B-1F58-479F-BBD9-AC66D1904B76}.Debug|Mixed Platforms.ActiveCfg = Debug|Any CPU
		{DEAC794B-1F58-479F-BBD9-AC66D1904B76}.Debug|Mixed Platforms.Build.0 = Debug|Any CPU
		{DEAC794B-1F58-479F-BBD9-AC66D1904B76}.Debug|x64.ActiveCfg = Debug|Any CPU
		{DEAC794B-1F58-479F-BBD9-AC66D1904B76}.Debug|x64.Build.0 = Debug|Any CPU
		{DEAC794B-1F58-479F-BBD9-AC66D1904B76}.Debug|x86.ActiveCfg = Debug|Any CPU
		{DEAC794B-1F58-479F-BBD9-AC66D1904B76}.Debug|x86.Build.0 = Debug|Any CPU
		{DEAC794B-1F58-479F-BBD9-AC66D1904B76}.DVD-5|.NET.ActiveCfg = Debug|Any CPU
		{DEAC794B-1F58-479F-BBD9-AC66D1904B76}.DVD-5|.NET.Build.0 = Debug|Any CPU
		{DEAC794B-1F58-479F-BBD9-AC66D1904B76}.DVD-5|Any CPU.ActiveCfg = Debug|Any CPU
		{DEAC794B-1F58-479F-BBD9-AC66D1904B76}.DVD-5|Any CPU.Build.0 = Debug|Any CPU
		{DEAC794B-1F58-479F-BBD9-AC66D1904B76}.DVD-5|ARM64.ActiveCfg = Debug|Any CPU
		{DEAC794B-1F58-479F-BBD9-AC66D1904B76}.DVD-5|ARM64.Build.0 = Debug|Any CPU
		{DEAC794B-1F58-479F-BBD9-AC66D1904B76}.DVD-5|Mixed Platforms.ActiveCfg = Debug|Any CPU
		{DEAC794B-1F58-479F-BBD9-AC66D1904B76}.DVD-5|Mixed Platforms.Build.0 = Debug|Any CPU
		{DEAC794B-1F58-479F-BBD9-AC66D1904B76}.DVD-5|x64.ActiveCfg = Debug|Any CPU
		{DEAC794B-1F58-479F-BBD9-AC66D1904B76}.DVD-5|x64.Build.0 = Debug|Any CPU
		{DEAC794B-1F58-479F-BBD9-AC66D1904B76}.DVD-5|x86.ActiveCfg = Debug|Any CPU
		{DEAC794B-1F58-479F-BBD9-AC66D1904B76}.DVD-5|x86.Build.0 = Debug|Any CPU
		{DEAC794B-1F58-479F-BBD9-AC66D1904B76}.Release|.NET.ActiveCfg = Release|Any CPU
		{DEAC794B-1F58-479F-BBD9-AC66D1904B76}.Release|.NET.Build.0 = Release|Any CPU
		{DEAC794B-1F58-479F-BBD9-AC66D1904B76}.Release|Any CPU.ActiveCfg = Release|Any CPU
		{DEAC794B-1F58-479F-BBD9-AC66D1904B76}.Release|Any CPU.Build.0 = Release|Any CPU
		{DEAC794B-1F58-479F-BBD9-AC66D1904B76}.Release|ARM64.ActiveCfg = Release|Any CPU
		{DEAC794B-1F58-479F-BBD9-AC66D1904B76}.Release|ARM64.Build.0 = Release|Any CPU
		{DEAC794B-1F58-479F-BBD9-AC66D1904B76}.Release|Mixed Platforms.ActiveCfg = Release|Any CPU
		{DEAC794B-1F58-479F-BBD9-AC66D1904B76}.Release|Mixed Platforms.Build.0 = Release|Any CPU
		{DEAC794B-1F58-479F-BBD9-AC66D1904B76}.Release|x64.ActiveCfg = Release|Any CPU
		{DEAC794B-1F58-479F-BBD9-AC66D1904B76}.Release|x64.Build.0 = Release|Any CPU
		{DEAC794B-1F58-479F-BBD9-AC66D1904B76}.Release|x86.ActiveCfg = Release|Any CPU
		{DEAC794B-1F58-479F-BBD9-AC66D1904B76}.Release|x86.Build.0 = Release|Any CPU
		{DEAC794B-1F58-479F-BBD9-AC66D1904B76}.SingleImage|.NET.ActiveCfg = Release|Any CPU
		{DEAC794B-1F58-479F-BBD9-AC66D1904B76}.SingleImage|.NET.Build.0 = Release|Any CPU
		{DEAC794B-1F58-479F-BBD9-AC66D1904B76}.SingleImage|Any CPU.ActiveCfg = Release|Any CPU
		{DEAC794B-1F58-479F-BBD9-AC66D1904B76}.SingleImage|Any CPU.Build.0 = Release|Any CPU
		{DEAC794B-1F58-479F-BBD9-AC66D1904B76}.SingleImage|ARM64.ActiveCfg = Release|Any CPU
		{DEAC794B-1F58-479F-BBD9-AC66D1904B76}.SingleImage|ARM64.Build.0 = Release|Any CPU
		{DEAC794B-1F58-479F-BBD9-AC66D1904B76}.SingleImage|Mixed Platforms.ActiveCfg = Release|Any CPU
		{DEAC794B-1F58-479F-BBD9-AC66D1904B76}.SingleImage|Mixed Platforms.Build.0 = Release|Any CPU
		{DEAC794B-1F58-479F-BBD9-AC66D1904B76}.SingleImage|x64.ActiveCfg = Release|Any CPU
		{DEAC794B-1F58-479F-BBD9-AC66D1904B76}.SingleImage|x64.Build.0 = Release|Any CPU
		{DEAC794B-1F58-479F-BBD9-AC66D1904B76}.SingleImage|x86.ActiveCfg = Release|Any CPU
		{DEAC794B-1F58-479F-BBD9-AC66D1904B76}.SingleImage|x86.Build.0 = Release|Any CPU
		{9AA410B6-80D9-4841-B45D-7E3782093C30}.CD_ROM|.NET.ActiveCfg = Release|Any CPU
		{9AA410B6-80D9-4841-B45D-7E3782093C30}.CD_ROM|.NET.Build.0 = Release|Any CPU
		{9AA410B6-80D9-4841-B45D-7E3782093C30}.CD_ROM|Any CPU.ActiveCfg = Release|Any CPU
		{9AA410B6-80D9-4841-B45D-7E3782093C30}.CD_ROM|Any CPU.Build.0 = Release|Any CPU
		{9AA410B6-80D9-4841-B45D-7E3782093C30}.CD_ROM|ARM64.ActiveCfg = Release|Any CPU
		{9AA410B6-80D9-4841-B45D-7E3782093C30}.CD_ROM|ARM64.Build.0 = Release|Any CPU
		{9AA410B6-80D9-4841-B45D-7E3782093C30}.CD_ROM|Mixed Platforms.ActiveCfg = Release|Any CPU
		{9AA410B6-80D9-4841-B45D-7E3782093C30}.CD_ROM|Mixed Platforms.Build.0 = Release|Any CPU
		{9AA410B6-80D9-4841-B45D-7E3782093C30}.CD_ROM|x64.ActiveCfg = Release|Any CPU
		{9AA410B6-80D9-4841-B45D-7E3782093C30}.CD_ROM|x64.Build.0 = Release|Any CPU
		{9AA410B6-80D9-4841-B45D-7E3782093C30}.CD_ROM|x86.ActiveCfg = Release|Any CPU
		{9AA410B6-80D9-4841-B45D-7E3782093C30}.CD_ROM|x86.Build.0 = Release|Any CPU
		{9AA410B6-80D9-4841-B45D-7E3782093C30}.Debug|.NET.ActiveCfg = Debug|Any CPU
		{9AA410B6-80D9-4841-B45D-7E3782093C30}.Debug|.NET.Build.0 = Debug|Any CPU
		{9AA410B6-80D9-4841-B45D-7E3782093C30}.Debug|Any CPU.ActiveCfg = Debug|Any CPU
		{9AA410B6-80D9-4841-B45D-7E3782093C30}.Debug|Any CPU.Build.0 = Debug|Any CPU
		{9AA410B6-80D9-4841-B45D-7E3782093C30}.Debug|ARM64.ActiveCfg = Debug|Any CPU
		{9AA410B6-80D9-4841-B45D-7E3782093C30}.Debug|ARM64.Build.0 = Debug|Any CPU
		{9AA410B6-80D9-4841-B45D-7E3782093C30}.Debug|Mixed Platforms.ActiveCfg = Debug|Any CPU
		{9AA410B6-80D9-4841-B45D-7E3782093C30}.Debug|Mixed Platforms.Build.0 = Debug|Any CPU
		{9AA410B6-80D9-4841-B45D-7E3782093C30}.Debug|x64.ActiveCfg = Debug|Any CPU
		{9AA410B6-80D9-4841-B45D-7E3782093C30}.Debug|x64.Build.0 = Debug|Any CPU
		{9AA410B6-80D9-4841-B45D-7E3782093C30}.Debug|x86.ActiveCfg = Debug|Any CPU
		{9AA410B6-80D9-4841-B45D-7E3782093C30}.Debug|x86.Build.0 = Debug|Any CPU
		{9AA410B6-80D9-4841-B45D-7E3782093C30}.DVD-5|.NET.ActiveCfg = Debug|Any CPU
		{9AA410B6-80D9-4841-B45D-7E3782093C30}.DVD-5|.NET.Build.0 = Debug|Any CPU
		{9AA410B6-80D9-4841-B45D-7E3782093C30}.DVD-5|Any CPU.ActiveCfg = Debug|Any CPU
		{9AA410B6-80D9-4841-B45D-7E3782093C30}.DVD-5|Any CPU.Build.0 = Debug|Any CPU
		{9AA410B6-80D9-4841-B45D-7E3782093C30}.DVD-5|ARM64.ActiveCfg = Debug|Any CPU
		{9AA410B6-80D9-4841-B45D-7E3782093C30}.DVD-5|ARM64.Build.0 = Debug|Any CPU
		{9AA410B6-80D9-4841-B45D-7E3782093C30}.DVD-5|Mixed Platforms.ActiveCfg = Debug|Any CPU
		{9AA410B6-80D9-4841-B45D-7E3782093C30}.DVD-5|Mixed Platforms.Build.0 = Debug|Any CPU
		{9AA410B6-80D9-4841-B45D-7E3782093C30}.DVD-5|x64.ActiveCfg = Debug|Any CPU
		{9AA410B6-80D9-4841-B45D-7E3782093C30}.DVD-5|x64.Build.0 = Debug|Any CPU
		{9AA410B6-80D9-4841-B45D-7E3782093C30}.DVD-5|x86.ActiveCfg = Debug|Any CPU
		{9AA410B6-80D9-4841-B45D-7E3782093C30}.DVD-5|x86.Build.0 = Debug|Any CPU
		{9AA410B6-80D9-4841-B45D-7E3782093C30}.Release|.NET.ActiveCfg = Release|Any CPU
		{9AA410B6-80D9-4841-B45D-7E3782093C30}.Release|.NET.Build.0 = Release|Any CPU
		{9AA410B6-80D9-4841-B45D-7E3782093C30}.Release|Any CPU.ActiveCfg = Release|Any CPU
		{9AA410B6-80D9-4841-B45D-7E3782093C30}.Release|Any CPU.Build.0 = Release|Any CPU
		{9AA410B6-80D9-4841-B45D-7E3782093C30}.Release|ARM64.ActiveCfg = Release|Any CPU
		{9AA410B6-80D9-4841-B45D-7E3782093C30}.Release|ARM64.Build.0 = Release|Any CPU
		{9AA410B6-80D9-4841-B45D-7E3782093C30}.Release|Mixed Platforms.ActiveCfg = Release|Any CPU
		{9AA410B6-80D9-4841-B45D-7E3782093C30}.Release|Mixed Platforms.Build.0 = Release|Any CPU
		{9AA410B6-80D9-4841-B45D-7E3782093C30}.Release|x64.ActiveCfg = Release|Any CPU
		{9AA410B6-80D9-4841-B45D-7E3782093C30}.Release|x64.Build.0 = Release|Any CPU
		{9AA410B6-80D9-4841-B45D-7E3782093C30}.Release|x86.ActiveCfg = Release|Any CPU
		{9AA410B6-80D9-4841-B45D-7E3782093C30}.Release|x86.Build.0 = Release|Any CPU
		{9AA410B6-80D9-4841-B45D-7E3782093C30}.SingleImage|.NET.ActiveCfg = Release|Any CPU
		{9AA410B6-80D9-4841-B45D-7E3782093C30}.SingleImage|.NET.Build.0 = Release|Any CPU
		{9AA410B6-80D9-4841-B45D-7E3782093C30}.SingleImage|Any CPU.ActiveCfg = Release|Any CPU
		{9AA410B6-80D9-4841-B45D-7E3782093C30}.SingleImage|Any CPU.Build.0 = Release|Any CPU
		{9AA410B6-80D9-4841-B45D-7E3782093C30}.SingleImage|ARM64.ActiveCfg = Release|Any CPU
		{9AA410B6-80D9-4841-B45D-7E3782093C30}.SingleImage|ARM64.Build.0 = Release|Any CPU
		{9AA410B6-80D9-4841-B45D-7E3782093C30}.SingleImage|Mixed Platforms.ActiveCfg = Release|Any CPU
		{9AA410B6-80D9-4841-B45D-7E3782093C30}.SingleImage|Mixed Platforms.Build.0 = Release|Any CPU
		{9AA410B6-80D9-4841-B45D-7E3782093C30}.SingleImage|x64.ActiveCfg = Release|Any CPU
		{9AA410B6-80D9-4841-B45D-7E3782093C30}.SingleImage|x64.Build.0 = Release|Any CPU
		{9AA410B6-80D9-4841-B45D-7E3782093C30}.SingleImage|x86.ActiveCfg = Release|Any CPU
		{9AA410B6-80D9-4841-B45D-7E3782093C30}.SingleImage|x86.Build.0 = Release|Any CPU
		{3B06F950-CDD0-43B1-9EFA-5ED7F64F27E2}.CD_ROM|.NET.ActiveCfg = Release|Any CPU
		{3B06F950-CDD0-43B1-9EFA-5ED7F64F27E2}.CD_ROM|.NET.Build.0 = Release|Any CPU
		{3B06F950-CDD0-43B1-9EFA-5ED7F64F27E2}.CD_ROM|Any CPU.ActiveCfg = Release|Any CPU
		{3B06F950-CDD0-43B1-9EFA-5ED7F64F27E2}.CD_ROM|Any CPU.Build.0 = Release|Any CPU
		{3B06F950-CDD0-43B1-9EFA-5ED7F64F27E2}.CD_ROM|ARM64.ActiveCfg = Release|Any CPU
		{3B06F950-CDD0-43B1-9EFA-5ED7F64F27E2}.CD_ROM|ARM64.Build.0 = Release|Any CPU
		{3B06F950-CDD0-43B1-9EFA-5ED7F64F27E2}.CD_ROM|Mixed Platforms.ActiveCfg = Release|Any CPU
		{3B06F950-CDD0-43B1-9EFA-5ED7F64F27E2}.CD_ROM|Mixed Platforms.Build.0 = Release|Any CPU
		{3B06F950-CDD0-43B1-9EFA-5ED7F64F27E2}.CD_ROM|x64.ActiveCfg = Release|Any CPU
		{3B06F950-CDD0-43B1-9EFA-5ED7F64F27E2}.CD_ROM|x64.Build.0 = Release|Any CPU
		{3B06F950-CDD0-43B1-9EFA-5ED7F64F27E2}.CD_ROM|x86.ActiveCfg = Release|Any CPU
		{3B06F950-CDD0-43B1-9EFA-5ED7F64F27E2}.CD_ROM|x86.Build.0 = Release|Any CPU
		{3B06F950-CDD0-43B1-9EFA-5ED7F64F27E2}.Debug|.NET.ActiveCfg = Debug|Any CPU
		{3B06F950-CDD0-43B1-9EFA-5ED7F64F27E2}.Debug|.NET.Build.0 = Debug|Any CPU
		{3B06F950-CDD0-43B1-9EFA-5ED7F64F27E2}.Debug|Any CPU.ActiveCfg = Debug|Any CPU
		{3B06F950-CDD0-43B1-9EFA-5ED7F64F27E2}.Debug|Any CPU.Build.0 = Debug|Any CPU
		{3B06F950-CDD0-43B1-9EFA-5ED7F64F27E2}.Debug|ARM64.ActiveCfg = Debug|Any CPU
		{3B06F950-CDD0-43B1-9EFA-5ED7F64F27E2}.Debug|ARM64.Build.0 = Debug|Any CPU
		{3B06F950-CDD0-43B1-9EFA-5ED7F64F27E2}.Debug|Mixed Platforms.ActiveCfg = Debug|Any CPU
		{3B06F950-CDD0-43B1-9EFA-5ED7F64F27E2}.Debug|Mixed Platforms.Build.0 = Debug|Any CPU
		{3B06F950-CDD0-43B1-9EFA-5ED7F64F27E2}.Debug|x64.ActiveCfg = Debug|Any CPU
		{3B06F950-CDD0-43B1-9EFA-5ED7F64F27E2}.Debug|x64.Build.0 = Debug|Any CPU
		{3B06F950-CDD0-43B1-9EFA-5ED7F64F27E2}.Debug|x86.ActiveCfg = Debug|Any CPU
		{3B06F950-CDD0-43B1-9EFA-5ED7F64F27E2}.Debug|x86.Build.0 = Debug|Any CPU
		{3B06F950-CDD0-43B1-9EFA-5ED7F64F27E2}.DVD-5|.NET.ActiveCfg = Debug|Any CPU
		{3B06F950-CDD0-43B1-9EFA-5ED7F64F27E2}.DVD-5|.NET.Build.0 = Debug|Any CPU
		{3B06F950-CDD0-43B1-9EFA-5ED7F64F27E2}.DVD-5|Any CPU.ActiveCfg = Debug|Any CPU
		{3B06F950-CDD0-43B1-9EFA-5ED7F64F27E2}.DVD-5|Any CPU.Build.0 = Debug|Any CPU
		{3B06F950-CDD0-43B1-9EFA-5ED7F64F27E2}.DVD-5|ARM64.ActiveCfg = Debug|Any CPU
		{3B06F950-CDD0-43B1-9EFA-5ED7F64F27E2}.DVD-5|ARM64.Build.0 = Debug|Any CPU
		{3B06F950-CDD0-43B1-9EFA-5ED7F64F27E2}.DVD-5|Mixed Platforms.ActiveCfg = Debug|Any CPU
		{3B06F950-CDD0-43B1-9EFA-5ED7F64F27E2}.DVD-5|Mixed Platforms.Build.0 = Debug|Any CPU
		{3B06F950-CDD0-43B1-9EFA-5ED7F64F27E2}.DVD-5|x64.ActiveCfg = Debug|Any CPU
		{3B06F950-CDD0-43B1-9EFA-5ED7F64F27E2}.DVD-5|x64.Build.0 = Debug|Any CPU
		{3B06F950-CDD0-43B1-9EFA-5ED7F64F27E2}.DVD-5|x86.ActiveCfg = Debug|Any CPU
		{3B06F950-CDD0-43B1-9EFA-5ED7F64F27E2}.DVD-5|x86.Build.0 = Debug|Any CPU
		{3B06F950-CDD0-43B1-9EFA-5ED7F64F27E2}.Release|.NET.ActiveCfg = Release|Any CPU
		{3B06F950-CDD0-43B1-9EFA-5ED7F64F27E2}.Release|.NET.Build.0 = Release|Any CPU
		{3B06F950-CDD0-43B1-9EFA-5ED7F64F27E2}.Release|Any CPU.ActiveCfg = Release|Any CPU
		{3B06F950-CDD0-43B1-9EFA-5ED7F64F27E2}.Release|Any CPU.Build.0 = Release|Any CPU
		{3B06F950-CDD0-43B1-9EFA-5ED7F64F27E2}.Release|ARM64.ActiveCfg = Release|Any CPU
		{3B06F950-CDD0-43B1-9EFA-5ED7F64F27E2}.Release|ARM64.Build.0 = Release|Any CPU
		{3B06F950-CDD0-43B1-9EFA-5ED7F64F27E2}.Release|Mixed Platforms.ActiveCfg = Release|Any CPU
		{3B06F950-CDD0-43B1-9EFA-5ED7F64F27E2}.Release|Mixed Platforms.Build.0 = Release|Any CPU
		{3B06F950-CDD0-43B1-9EFA-5ED7F64F27E2}.Release|x64.ActiveCfg = Release|Any CPU
		{3B06F950-CDD0-43B1-9EFA-5ED7F64F27E2}.Release|x64.Build.0 = Release|Any CPU
		{3B06F950-CDD0-43B1-9EFA-5ED7F64F27E2}.Release|x86.ActiveCfg = Release|Any CPU
		{3B06F950-CDD0-43B1-9EFA-5ED7F64F27E2}.Release|x86.Build.0 = Release|Any CPU
		{3B06F950-CDD0-43B1-9EFA-5ED7F64F27E2}.SingleImage|.NET.ActiveCfg = Release|Any CPU
		{3B06F950-CDD0-43B1-9EFA-5ED7F64F27E2}.SingleImage|.NET.Build.0 = Release|Any CPU
		{3B06F950-CDD0-43B1-9EFA-5ED7F64F27E2}.SingleImage|Any CPU.ActiveCfg = Release|Any CPU
		{3B06F950-CDD0-43B1-9EFA-5ED7F64F27E2}.SingleImage|Any CPU.Build.0 = Release|Any CPU
		{3B06F950-CDD0-43B1-9EFA-5ED7F64F27E2}.SingleImage|ARM64.ActiveCfg = Release|Any CPU
		{3B06F950-CDD0-43B1-9EFA-5ED7F64F27E2}.SingleImage|ARM64.Build.0 = Release|Any CPU
		{3B06F950-CDD0-43B1-9EFA-5ED7F64F27E2}.SingleImage|Mixed Platforms.ActiveCfg = Release|Any CPU
		{3B06F950-CDD0-43B1-9EFA-5ED7F64F27E2}.SingleImage|Mixed Platforms.Build.0 = Release|Any CPU
		{3B06F950-CDD0-43B1-9EFA-5ED7F64F27E2}.SingleImage|x64.ActiveCfg = Release|Any CPU
		{3B06F950-CDD0-43B1-9EFA-5ED7F64F27E2}.SingleImage|x64.Build.0 = Release|Any CPU
		{3B06F950-CDD0-43B1-9EFA-5ED7F64F27E2}.SingleImage|x86.ActiveCfg = Release|Any CPU
		{3B06F950-CDD0-43B1-9EFA-5ED7F64F27E2}.SingleImage|x86.Build.0 = Release|Any CPU
	EndGlobalSection
	GlobalSection(SolutionProperties) = preSolution
		HideSolutionNode = FALSE
	EndGlobalSection
	GlobalSection(ExtensibilityGlobals) = postSolution
		SolutionGuid = {2D5B84A5-50E4-4D2C-AF12-E0C84950AACD}
	EndGlobalSection
EndGlobal
